
Microsoft Visual Studio Solution File, Format Version 12.00
# Visual Studio 14
VisualStudioVersion = 14.0.25420.1
MinimumVisualStudioVersion = 10.0.40219.1
Project("{2150E333-8FDC-42A3-9474-1A3956D46DE8}") = "src", "src", "{EDFDBAF1-1AED-4732-9017-0A504219285E}"
EndProject
Project("{2150E333-8FDC-42A3-9474-1A3956D46DE8}") = "Solution Items", "Solution Items", "{58ADFBD5-EAFE-403E-88DF-48807616C89E}"
	ProjectSection(SolutionItems) = preProject
		global.json = global.json
	EndProjectSection
EndProject
Project("{8BB2217D-0F2D-49D1-97BC-3654ED321F3B}") = "MvcMovie", "src\MvcMovie\MvcMovie.xproj", "{D62AEC40-5597-487E-AD42-765CC5C033E2}"
EndProject
Project("{8BB2217D-0F2D-49D1-97BC-3654ED321F3B}") = "MvcMovie(Modeling)", "src\MvcMovie(Modeling)\MvcMovie(Modeling).xproj", "{3B25501D-766D-4109-A721-7AF7E4E8BE1C}"
EndProject
Global
	GlobalSection(SolutionConfigurationPlatforms) = preSolution
		Debug|Any CPU = Debug|Any CPU
		Release|Any CPU = Release|Any CPU
	EndGlobalSection
	GlobalSection(ProjectConfigurationPlatforms) = postSolution
		{D62AEC40-5597-487E-AD42-765CC5C033E2}.Debug|Any CPU.ActiveCfg = Debug|Any CPU
		{D62AEC40-5597-487E-AD42-765CC5C033E2}.Debug|Any CPU.Build.0 = Debug|Any CPU
		{D62AEC40-5597-487E-AD42-765CC5C033E2}.Release|Any CPU.ActiveCfg = Release|Any CPU
		{D62AEC40-5597-487E-AD42-765CC5C033E2}.Release|Any CPU.Build.0 = Release|Any CPU
		{3B25501D-766D-4109-A721-7AF7E4E8BE1C}.Debug|Any CPU.ActiveCfg = Debug|Any CPU
		{3B25501D-766D-4109-A721-7AF7E4E8BE1C}.Debug|Any CPU.Build.0 = Debug|Any CPU
		{3B25501D-766D-4109-A721-7AF7E4E8BE1C}.Release|Any CPU.ActiveCfg = Release|Any CPU
		{3B25501D-766D-4109-A721-7AF7E4E8BE1C}.Release|Any CPU.Build.0 = Release|Any CPU
	EndGlobalSection
	GlobalSection(SolutionProperties) = preSolution
		HideSolutionNode = FALSE
	EndGlobalSection
	GlobalSection(NestedProjects) = preSolution
		{D62AEC40-5597-487E-AD42-765CC5C033E2} = {EDFDBAF1-1AED-4732-9017-0A504219285E}
		{3B25501D-766D-4109-A721-7AF7E4E8BE1C} = {EDFDBAF1-1AED-4732-9017-0A504219285E}
	EndGlobalSection
EndGlobal
