
Microsoft Visual Studio Solution File, Format Version 12.00
# Visual Studio 14
VisualStudioVersion = 14.0.25420.1
MinimumVisualStudioVersion = 10.0.40219.1
Project("{2150E333-8FDC-42A3-9474-1A3956D46DE8}") = "src", "src", "{770D9934-A9D1-4935-A6A9-9E0FD8CD2120}"
EndProject
Project("{2150E333-8FDC-42A3-9474-1A3956D46DE8}") = "Solution Items", "Solution Items", "{FDB86EC7-6F20-43DE-B9BE-76D85E7E5B79}"
	ProjectSection(SolutionItems) = preProject
		global.json = global.json
	EndProjectSection
EndProject
Project("{8BB2217D-0F2D-49D1-97BC-3654ED321F3B}") = "Routing", "src\Routing\Routing.xproj", "{FF657A20-51D1-4CAF-B923-74A71EE23ABA}"
EndProject
Global
	GlobalSection(SolutionConfigurationPlatforms) = preSolution
		Debug|Any CPU = Debug|Any CPU
		Release|Any CPU = Release|Any CPU
	EndGlobalSection
	GlobalSection(ProjectConfigurationPlatforms) = postSolution
		{FF657A20-51D1-4CAF-B923-74A71EE23ABA}.Debug|Any CPU.ActiveCfg = Debug|Any CPU
		{FF657A20-51D1-4CAF-B923-74A71EE23ABA}.Debug|Any CPU.Build.0 = Debug|Any CPU
		{FF657A20-51D1-4CAF-B923-74A71EE23ABA}.Release|Any CPU.ActiveCfg = Release|Any CPU
		{FF657A20-51D1-4CAF-B923-74A71EE23ABA}.Release|Any CPU.Build.0 = Release|Any CPU
	EndGlobalSection
	GlobalSection(SolutionProperties) = preSolution
		HideSolutionNode = FALSE
	EndGlobalSection
	GlobalSection(NestedProjects) = preSolution
		{FF657A20-51D1-4CAF-B923-74A71EE23ABA} = {770D9934-A9D1-4935-A6A9-9E0FD8CD2120}
	EndGlobalSection
EndGlobal
